
Microsoft Visual Studio Solution File, Format Version 12.00
# Visual Studio 15
VisualStudioVersion = 15.0.28010.2046
MinimumVisualStudioVersion = 10.0.40219.1
Project("{9A19103F-16F7-4668-BE54-9A1E7A4F7556}") = "VerizonConnect.BusinessSystemSolutionFinanceUI", "VerizonConnect.BuSSFinanceUI\VerizonConnect.BusinessSystemSolutionFinanceUI.csproj", "{B8971149-9A14-48B7-88E9-231EBF2A8C0C}"
EndProject
Project("{9A19103F-16F7-4668-BE54-9A1E7A4F7556}") = "VerizonConnect.BusinessSystemSolutionFinanceUI.Context", "VerizonConnect.BusinessSystemSolutionFinanceUI.Context\VerizonConnect.BusinessSystemSolutionFinanceUI.Context.csproj", "{191827D1-0427-4772-AE95-4CD72A9575EA}"
EndProject
Project("{9A19103F-16F7-4668-BE54-9A1E7A4F7556}") = "VerizonConnect.BusinessSystemSolutionFinanceUI.Entities", "VerizonConnect.BusinessSystemSolutionFinanceUI.Entities\VerizonConnect.BusinessSystemSolutionFinanceUI.Entities.csproj", "{0A8DA72B-58AF-4C39-945C-CE714D3D21B8}"
EndProject
Global
	GlobalSection(SolutionConfigurationPlatforms) = preSolution
		Debug|Any CPU = Debug|Any CPU
		Release|Any CPU = Release|Any CPU
	EndGlobalSection
	GlobalSection(ProjectConfigurationPlatforms) = postSolution
		{B8971149-9A14-48B7-88E9-231EBF2A8C0C}.Debug|Any CPU.ActiveCfg = Debug|Any CPU
		{B8971149-9A14-48B7-88E9-231EBF2A8C0C}.Debug|Any CPU.Build.0 = Debug|Any CPU
		{B8971149-9A14-48B7-88E9-231EBF2A8C0C}.Release|Any CPU.ActiveCfg = Release|Any CPU
		{B8971149-9A14-48B7-88E9-231EBF2A8C0C}.Release|Any CPU.Build.0 = Release|Any CPU
		{191827D1-0427-4772-AE95-4CD72A9575EA}.Debug|Any CPU.ActiveCfg = Debug|Any CPU
		{191827D1-0427-4772-AE95-4CD72A9575EA}.Debug|Any CPU.Build.0 = Debug|Any CPU
		{191827D1-0427-4772-AE95-4CD72A9575EA}.Release|Any CPU.ActiveCfg = Release|Any CPU
		{191827D1-0427-4772-AE95-4CD72A9575EA}.Release|Any CPU.Build.0 = Release|Any CPU
		{0A8DA72B-58AF-4C39-945C-CE714D3D21B8}.Debug|Any CPU.ActiveCfg = Debug|Any CPU
		{0A8DA72B-58AF-4C39-945C-CE714D3D21B8}.Debug|Any CPU.Build.0 = Debug|Any CPU
		{0A8DA72B-58AF-4C39-945C-CE714D3D21B8}.Release|Any CPU.ActiveCfg = Release|Any CPU
		{0A8DA72B-58AF-4C39-945C-CE714D3D21B8}.Release|Any CPU.Build.0 = Release|Any CPU
	EndGlobalSection
	GlobalSection(SolutionProperties) = preSolution
		HideSolutionNode = FALSE
	EndGlobalSection
	GlobalSection(ExtensibilityGlobals) = postSolution
		SolutionGuid = {E93ABF04-E1CB-4CA6-86BB-DFE91F9BECDD}
	EndGlobalSection
EndGlobal
